
Microsoft Visual Studio Solution File, Format Version 12.00
# Visual Studio 15
VisualStudioVersion = 15.0.28307.705
MinimumVisualStudioVersion = 10.0.40219.1
Project("{FAE04EC0-301F-11D3-BF4B-00C04F79EFBC}") = "MVC(VISTA)", "MVC(VISTA)\MVC(VISTA).csproj", "{E5E1FCB7-016B-4CDE-822D-8FECCCA43C33}"
EndProject
Project("{FAE04EC0-301F-11D3-BF4B-00C04F79EFBC}") = "Modelo", "Modelo\Modelo.csproj", "{34931CDA-3B5C-4CBB-BD4A-8DDC781E313F}"
EndProject
Project("{FAE04EC0-301F-11D3-BF4B-00C04F79EFBC}") = "Controlador", "Controlador\Controlador.csproj", "{BCFC3692-904B-4D2C-9941-14C6F7BCD3EC}"
EndProject
Global
	GlobalSection(SolutionConfigurationPlatforms) = preSolution
		Debug|Any CPU = Debug|Any CPU
		Release|Any CPU = Release|Any CPU
	EndGlobalSection
	GlobalSection(ProjectConfigurationPlatforms) = postSolution
		{E5E1FCB7-016B-4CDE-822D-8FECCCA43C33}.Debug|Any CPU.ActiveCfg = Debug|Any CPU
		{E5E1FCB7-016B-4CDE-822D-8FECCCA43C33}.Debug|Any CPU.Build.0 = Debug|Any CPU
		{E5E1FCB7-016B-4CDE-822D-8FECCCA43C33}.Release|Any CPU.ActiveCfg = Release|Any CPU
		{E5E1FCB7-016B-4CDE-822D-8FECCCA43C33}.Release|Any CPU.Build.0 = Release|Any CPU
		{34931CDA-3B5C-4CBB-BD4A-8DDC781E313F}.Debug|Any CPU.ActiveCfg = Debug|Any CPU
		{34931CDA-3B5C-4CBB-BD4A-8DDC781E313F}.Debug|Any CPU.Build.0 = Debug|Any CPU
		{34931CDA-3B5C-4CBB-BD4A-8DDC781E313F}.Release|Any CPU.ActiveCfg = Release|Any CPU
		{34931CDA-3B5C-4CBB-BD4A-8DDC781E313F}.Release|Any CPU.Build.0 = Release|Any CPU
		{BCFC3692-904B-4D2C-9941-14C6F7BCD3EC}.Debug|Any CPU.ActiveCfg = Debug|Any CPU
		{BCFC3692-904B-4D2C-9941-14C6F7BCD3EC}.Debug|Any CPU.Build.0 = Debug|Any CPU
		{BCFC3692-904B-4D2C-9941-14C6F7BCD3EC}.Release|Any CPU.ActiveCfg = Release|Any CPU
		{BCFC3692-904B-4D2C-9941-14C6F7BCD3EC}.Release|Any CPU.Build.0 = Release|Any CPU
	EndGlobalSection
	GlobalSection(SolutionProperties) = preSolution
		HideSolutionNode = FALSE
	EndGlobalSection
	GlobalSection(ExtensibilityGlobals) = postSolution
		SolutionGuid = {2696D249-4E4A-4C92-ADF2-9D20528FC33B}
	EndGlobalSection
EndGlobal
